
Microsoft Visual Studio Solution File, Format Version 12.00
# Visual Studio Version 17
VisualStudioVersion = 17.6.33815.320
MinimumVisualStudioVersion = 10.0.40219.1
Project("{FAE04EC0-301F-11D3-BF4B-00C04F79EFBC}") = "QuanLyChuoiQuanCaPhe", "QuanLyChuoiQuanCaPhe.csproj", "{55E90197-50CD-4E1D-811F-D536C169ED01}"
EndProject
Global
	GlobalSection(SolutionConfigurationPlatforms) = preSolution
		Debug|Any CPU = Debug|Any CPU
		Release|Any CPU = Release|Any CPU
	EndGlobalSection
	GlobalSection(ProjectConfigurationPlatforms) = postSolution
		{55E90197-50CD-4E1D-811F-D536C169ED01}.Debug|Any CPU.ActiveCfg = Debug|Any CPU
		{55E90197-50CD-4E1D-811F-D536C169ED01}.Debug|Any CPU.Build.0 = Debug|Any CPU
		{55E90197-50CD-4E1D-811F-D536C169ED01}.Release|Any CPU.ActiveCfg = Release|Any CPU
		{55E90197-50CD-4E1D-811F-D536C169ED01}.Release|Any CPU.Build.0 = Release|Any CPU
	EndGlobalSection
	GlobalSection(SolutionProperties) = preSolution
		HideSolutionNode = FALSE
	EndGlobalSection
	GlobalSection(ExtensibilityGlobals) = postSolution
		SolutionGuid = {1FB415C1-5E4E-4711-BB87-13FD0DBF8BE1}
	EndGlobalSection
EndGlobal
